# This file is autogenerated, do not edit; changes may be undone by the next 'dep ensure'.


[[projects]]
  name = "github.com/kelvins/sunrisesunset"
  packages = ["."]
  revision = "1efe1a3fca443b2cd1161b66c284ad60918398e0"
  version = "v1.0"

[[projects]]
  name = "periph.io/x/periph"
  packages = [
    ".",
    "conn",
    "conn/gpio",
    "conn/gpio/gpioreg",
    "conn/i2c",
    "conn/i2c/i2creg",
    "conn/pin",
    "conn/pin/pinreg",
    "conn/spi",
    "conn/spi/spireg",
    "devices",
    "host",
    "host/allwinner",
    "host/bcm283x",
    "host/chip",
    "host/cpu",
    "host/distro",
    "host/fs",
    "host/odroidc1",
    "host/pine64",
    "host/pmem",
    "host/rpi",
    "host/sysfs",
    "host/videocore"
  ]
  revision = "bdb4e4c4979bc79ee8c99e6432bd16519d7902a1"
  version = "v2.1.0"

[solve-meta]
  analyzer-name = "dep"
  analyzer-version = 1
  inputs-digest = "8bd18b1527ee1f26cb087f2b872500da3f35c2c546633e9fb62b83552f59fdcf"
  solver-name = "gps-cdcl"
  solver-version = 1
